// !$*UTF8*$!
{
	archiveVersion = 1;
	classes = {
	};
	objectVersion = 46;
	objects = {

/* Begin PBXBuildFile section */
		DE1A8A29160E64C40046B8FD /* MUOAuth2Client.h in Headers */ = {isa = PBXBuildFile; fileRef = DE3019C5160B78250099C255 /* MUOAuth2Client.h */; settings = {ATTRIBUTES = (); }; };
		DE3019A8160B77FE0099C255 /* UIKit.framework in Frameworks */ = {isa = PBXBuildFile; fileRef = DE3019A7160B77FE0099C255 /* UIKit.framework */; };
		DE3019AA160B77FE0099C255 /* Foundation.framework in Frameworks */ = {isa = PBXBuildFile; fileRef = DE3019A9160B77FE0099C255 /* Foundation.framework */; };
		DE3019AC160B77FE0099C255 /* CoreGraphics.framework in Frameworks */ = {isa = PBXBuildFile; fileRef = DE3019AB160B77FE0099C255 /* CoreGraphics.framework */; };
		DE3019B2160B77FE0099C255 /* InfoPlist.strings in Resources */ = {isa = PBXBuildFile; fileRef = DE3019B0160B77FE0099C255 /* InfoPlist.strings */; };
		DE3019B4160B77FE0099C255 /* main.m in Sources */ = {isa = PBXBuildFile; fileRef = DE3019B3160B77FE0099C255 /* main.m */; };
		DE3019B8160B77FE0099C255 /* MUAppDelegate.m in Sources */ = {isa = PBXBuildFile; fileRef = DE3019B7160B77FE0099C255 /* MUAppDelegate.m */; };
		DE3019BB160B77FE0099C255 /* MainStoryboard.storyboard in Resources */ = {isa = PBXBuildFile; fileRef = DE3019B9160B77FE0099C255 /* MainStoryboard.storyboard */; };
		DE3019BE160B77FE0099C255 /* MUViewController.m in Sources */ = {isa = PBXBuildFile; fileRef = DE3019BD160B77FE0099C255 /* MUViewController.m */; };
		DE3019CD160B78250099C255 /* MUOAuth2Client.m in Sources */ = {isa = PBXBuildFile; fileRef = DE3019C6160B78250099C255 /* MUOAuth2Client.m */; };
		DE3019CE160B78250099C255 /* MUOAuth2LoginView.m in Sources */ = {isa = PBXBuildFile; fileRef = DE3019C8160B78250099C255 /* MUOAuth2LoginView.m */; };
		DE3019D0160B78250099C255 /* NSString+Query.m in Sources */ = {isa = PBXBuildFile; fileRef = DE3019CC160B78250099C255 /* NSString+Query.m */; };
		DE3019E9160BD5AE0099C255 /* Foundation.framework in Frameworks */ = {isa = PBXBuildFile; fileRef = DE3019A9160B77FE0099C255 /* Foundation.framework */; };
		DE301A20160BF27E0099C255 /* MUOAuth2Client.m in Sources */ = {isa = PBXBuildFile; fileRef = DE3019C6160B78250099C255 /* MUOAuth2Client.m */; };
		DE301A21160BF27E0099C255 /* MUOAuth2LoginView.m in Sources */ = {isa = PBXBuildFile; fileRef = DE3019C8160B78250099C255 /* MUOAuth2LoginView.m */; };
		DE301A23160BF27E0099C255 /* NSString+Query.m in Sources */ = {isa = PBXBuildFile; fileRef = DE3019CC160B78250099C255 /* NSString+Query.m */; };
		DE390226160FA4F400B5271D /* NSString+Query.h in Headers */ = {isa = PBXBuildFile; fileRef = DE3019CB160B78250099C255 /* NSString+Query.h */; settings = {ATTRIBUTES = (); }; };
		DE6ED402160C0D17009DB9EA /* MUProfileViewController.m in Sources */ = {isa = PBXBuildFile; fileRef = DE6ED401160C0D17009DB9EA /* MUProfileViewController.m */; };
		DEB7AE52160FE493009961A3 /* Default-568h@2x.png in Resources */ = {isa = PBXBuildFile; fileRef = DEB7AE4E160FE493009961A3 /* Default-568h@2x.png */; };
		DEB7AE53160FE493009961A3 /* Default.png in Resources */ = {isa = PBXBuildFile; fileRef = DEB7AE4F160FE493009961A3 /* Default.png */; };
		DEB7AE54160FE493009961A3 /* Default@2x.png in Resources */ = {isa = PBXBuildFile; fileRef = DEB7AE50160FE493009961A3 /* Default@2x.png */; };
		DEB7AE55160FE493009961A3 /* MeetupProfileImagePlaceholder.png in Resources */ = {isa = PBXBuildFile; fileRef = DEB7AE51160FE493009961A3 /* MeetupProfileImagePlaceholder.png */; };
/* End PBXBuildFile section */

/* Begin PBXCopyFilesBuildPhase section */
		DE3019E6160BD5AE0099C255 /* CopyFiles */ = {
			isa = PBXCopyFilesBuildPhase;
			buildActionMask = 2147483647;
			dstPath = "include/${PRODUCT_NAME}";
			dstSubfolderSpec = 16;
			files = (
			);
			runOnlyForDeploymentPostprocessing = 0;
		};
/* End PBXCopyFilesBuildPhase section */

/* Begin PBXFileReference section */
		DE3019A3160B77FE0099C255 /* MeetupOAuth2Demo.app */ = {isa = PBXFileReference; explicitFileType = wrapper.application; includeInIndex = 0; path = MeetupOAuth2Demo.app; sourceTree = BUILT_PRODUCTS_DIR; };
		DE3019A7160B77FE0099C255 /* UIKit.framework */ = {isa = PBXFileReference; lastKnownFileType = wrapper.framework; name = UIKit.framework; path = System/Library/Frameworks/UIKit.framework; sourceTree = SDKROOT; };
		DE3019A9160B77FE0099C255 /* Foundation.framework */ = {isa = PBXFileReference; lastKnownFileType = wrapper.framework; name = Foundation.framework; path = System/Library/Frameworks/Foundation.framework; sourceTree = SDKROOT; };
		DE3019AB160B77FE0099C255 /* CoreGraphics.framework */ = {isa = PBXFileReference; lastKnownFileType = wrapper.framework; name = CoreGraphics.framework; path = System/Library/Frameworks/CoreGraphics.framework; sourceTree = SDKROOT; };
		DE3019AF160B77FE0099C255 /* MeetupOAuth2Demo-Info.plist */ = {isa = PBXFileReference; lastKnownFileType = text.plist.xml; path = "MeetupOAuth2Demo-Info.plist"; sourceTree = "<group>"; };
		DE3019B1160B77FE0099C255 /* en */ = {isa = PBXFileReference; lastKnownFileType = text.plist.strings; name = en; path = en.lproj/InfoPlist.strings; sourceTree = "<group>"; };
		DE3019B3160B77FE0099C255 /* main.m */ = {isa = PBXFileReference; lastKnownFileType = sourcecode.c.objc; path = main.m; sourceTree = "<group>"; };
		DE3019B5160B77FE0099C255 /* MeetupOAuth2Demo-Prefix.pch */ = {isa = PBXFileReference; lastKnownFileType = sourcecode.c.h; path = "MeetupOAuth2Demo-Prefix.pch"; sourceTree = "<group>"; };
		DE3019B6160B77FE0099C255 /* MUAppDelegate.h */ = {isa = PBXFileReference; lastKnownFileType = sourcecode.c.h; path = MUAppDelegate.h; sourceTree = "<group>"; };
		DE3019B7160B77FE0099C255 /* MUAppDelegate.m */ = {isa = PBXFileReference; lastKnownFileType = sourcecode.c.objc; path = MUAppDelegate.m; sourceTree = "<group>"; };
		DE3019BA160B77FE0099C255 /* en */ = {isa = PBXFileReference; lastKnownFileType = file.storyboard; name = en; path = en.lproj/MainStoryboard.storyboard; sourceTree = "<group>"; };
		DE3019BC160B77FE0099C255 /* MUViewController.h */ = {isa = PBXFileReference; lastKnownFileType = sourcecode.c.h; path = MUViewController.h; sourceTree = "<group>"; };
		DE3019BD160B77FE0099C255 /* MUViewController.m */ = {isa = PBXFileReference; lastKnownFileType = sourcecode.c.objc; path = MUViewController.m; sourceTree = "<group>"; };
		DE3019C5160B78250099C255 /* MUOAuth2Client.h */ = {isa = PBXFileReference; fileEncoding = 4; lastKnownFileType = sourcecode.c.h; path = MUOAuth2Client.h; sourceTree = "<group>"; };
		DE3019C6160B78250099C255 /* MUOAuth2Client.m */ = {isa = PBXFileReference; fileEncoding = 4; lastKnownFileType = sourcecode.c.objc; path = MUOAuth2Client.m; sourceTree = "<group>"; };
		DE3019C7160B78250099C255 /* MUOAuth2LoginView.h */ = {isa = PBXFileReference; fileEncoding = 4; lastKnownFileType = sourcecode.c.h; path = MUOAuth2LoginView.h; sourceTree = "<group>"; };
		DE3019C8160B78250099C255 /* MUOAuth2LoginView.m */ = {isa = PBXFileReference; fileEncoding = 4; lastKnownFileType = sourcecode.c.objc; path = MUOAuth2LoginView.m; sourceTree = "<group>"; };
		DE3019CB160B78250099C255 /* NSString+Query.h */ = {isa = PBXFileReference; fileEncoding = 4; lastKnownFileType = sourcecode.c.h; path = "NSString+Query.h"; sourceTree = "<group>"; };
		DE3019CC160B78250099C255 /* NSString+Query.m */ = {isa = PBXFileReference; fileEncoding = 4; lastKnownFileType = sourcecode.c.objc; path = "NSString+Query.m"; sourceTree = "<group>"; };
		DE3019E8160BD5AE0099C255 /* libMUOAuth2Client.a */ = {isa = PBXFileReference; explicitFileType = archive.ar; includeInIndex = 0; path = libMUOAuth2Client.a; sourceTree = BUILT_PRODUCTS_DIR; };
		DE3019F7160BD5AF0099C255 /* SenTestingKit.framework */ = {isa = PBXFileReference; lastKnownFileType = wrapper.framework; name = SenTestingKit.framework; path = Library/Frameworks/SenTestingKit.framework; sourceTree = DEVELOPER_DIR; };
		DE6ED400160C0D17009DB9EA /* MUProfileViewController.h */ = {isa = PBXFileReference; fileEncoding = 4; lastKnownFileType = sourcecode.c.h; path = MUProfileViewController.h; sourceTree = "<group>"; };
		DE6ED401160C0D17009DB9EA /* MUProfileViewController.m */ = {isa = PBXFileReference; fileEncoding = 4; lastKnownFileType = sourcecode.c.objc; path = MUProfileViewController.m; sourceTree = "<group>"; };
		DEB7AE4E160FE493009961A3 /* Default-568h@2x.png */ = {isa = PBXFileReference; lastKnownFileType = image.png; path = "Default-568h@2x.png"; sourceTree = "<group>"; };
		DEB7AE4F160FE493009961A3 /* Default.png */ = {isa = PBXFileReference; lastKnownFileType = image.png; path = Default.png; sourceTree = "<group>"; };
		DEB7AE50160FE493009961A3 /* Default@2x.png */ = {isa = PBXFileReference; lastKnownFileType = image.png; path = "Default@2x.png"; sourceTree = "<group>"; };
		DEB7AE51160FE493009961A3 /* MeetupProfileImagePlaceholder.png */ = {isa = PBXFileReference; lastKnownFileType = image.png; path = MeetupProfileImagePlaceholder.png; sourceTree = "<group>"; };
/* End PBXFileReference section */

/* Begin PBXFrameworksBuildPhase section */
		DE3019A0160B77FE0099C255 /* Frameworks */ = {
			isa = PBXFrameworksBuildPhase;
			buildActionMask = 2147483647;
			files = (
				DE3019A8160B77FE0099C255 /* UIKit.framework in Frameworks */,
				DE3019AA160B77FE0099C255 /* Foundation.framework in Frameworks */,
				DE3019AC160B77FE0099C255 /* CoreGraphics.framework in Frameworks */,
			);
			runOnlyForDeploymentPostprocessing = 0;
		};
		DE3019E5160BD5AE0099C255 /* Frameworks */ = {
			isa = PBXFrameworksBuildPhase;
			buildActionMask = 2147483647;
			files = (
				DE3019E9160BD5AE0099C255 /* Foundation.framework in Frameworks */,
			);
			runOnlyForDeploymentPostprocessing = 0;
		};
/* End PBXFrameworksBuildPhase section */

/* Begin PBXGroup section */
		DE1A8A77160F86610046B8FD /* Categories */ = {
			isa = PBXGroup;
			children = (
				DE3019CB160B78250099C255 /* NSString+Query.h */,
				DE3019CC160B78250099C255 /* NSString+Query.m */,
			);
			name = Categories;
			path = src;
			sourceTree = "<group>";
		};
		DE301998160B77FE0099C255 = {
			isa = PBXGroup;
			children = (
				DE3019EA160BD5AE0099C255 /* MUOAuth2Client */,
				DE3019AD160B77FE0099C255 /* MeetupOAuth2Demo */,
				DE3019A6160B77FE0099C255 /* Frameworks */,
				DE3019A4160B77FE0099C255 /* Products */,
			);
			sourceTree = "<group>";
		};
		DE3019A4160B77FE0099C255 /* Products */ = {
			isa = PBXGroup;
			children = (
				DE3019A3160B77FE0099C255 /* MeetupOAuth2Demo.app */,
				DE3019E8160BD5AE0099C255 /* libMUOAuth2Client.a */,
			);
			name = Products;
			sourceTree = "<group>";
		};
		DE3019A6160B77FE0099C255 /* Frameworks */ = {
			isa = PBXGroup;
			children = (
				DE3019A7160B77FE0099C255 /* UIKit.framework */,
				DE3019A9160B77FE0099C255 /* Foundation.framework */,
				DE3019AB160B77FE0099C255 /* CoreGraphics.framework */,
				DE3019F7160BD5AF0099C255 /* SenTestingKit.framework */,
			);
			name = Frameworks;
			sourceTree = "<group>";
		};
		DE3019AD160B77FE0099C255 /* MeetupOAuth2Demo */ = {
			isa = PBXGroup;
			children = (
				DEB7AE4D160FE475009961A3 /* Classes */,
				DE6ED404160C24E9009DB9EA /* Resources */,
				DE3019B9160B77FE0099C255 /* MainStoryboard.storyboard */,
				DE3019AE160B77FE0099C255 /* Supporting Files */,
			);
			path = MeetupOAuth2Demo;
			sourceTree = "<group>";
		};
		DE3019AE160B77FE0099C255 /* Supporting Files */ = {
			isa = PBXGroup;
			children = (
				DE3019B6160B77FE0099C255 /* MUAppDelegate.h */,
				DE3019B7160B77FE0099C255 /* MUAppDelegate.m */,
				DE3019AF160B77FE0099C255 /* MeetupOAuth2Demo-Info.plist */,
				DE3019B0160B77FE0099C255 /* InfoPlist.strings */,
				DE3019B3160B77FE0099C255 /* main.m */,
				DE3019B5160B77FE0099C255 /* MeetupOAuth2Demo-Prefix.pch */,
			);
			name = "Supporting Files";
			sourceTree = "<group>";
		};
		DE3019C4160B78110099C255 /* Classes */ = {
			isa = PBXGroup;
			children = (
				DE3019C5160B78250099C255 /* MUOAuth2Client.h */,
				DE3019C6160B78250099C255 /* MUOAuth2Client.m */,
				DE3019C7160B78250099C255 /* MUOAuth2LoginView.h */,
				DE3019C8160B78250099C255 /* MUOAuth2LoginView.m */,
			);
			name = Classes;
			path = src;
			sourceTree = "<group>";
		};
		DE3019EA160BD5AE0099C255 /* MUOAuth2Client */ = {
			isa = PBXGroup;
			children = (
				DE1A8A77160F86610046B8FD /* Categories */,
				DE3019C4160B78110099C255 /* Classes */,
			);
			path = MUOAuth2Client;
			sourceTree = "<group>";
		};
		DE6ED404160C24E9009DB9EA /* Resources */ = {
			isa = PBXGroup;
			children = (
				DEB7AE4E160FE493009961A3 /* Default-568h@2x.png */,
				DEB7AE4F160FE493009961A3 /* Default.png */,
				DEB7AE50160FE493009961A3 /* Default@2x.png */,
				DEB7AE51160FE493009961A3 /* MeetupProfileImagePlaceholder.png */,
			);
			path = Resources;
			sourceTree = "<group>";
		};
		DEB7AE4D160FE475009961A3 /* Classes */ = {
			isa = PBXGroup;
			children = (
				DE3019BC160B77FE0099C255 /* MUViewController.h */,
				DE3019BD160B77FE0099C255 /* MUViewController.m */,
				DE6ED400160C0D17009DB9EA /* MUProfileViewController.h */,
				DE6ED401160C0D17009DB9EA /* MUProfileViewController.m */,
			);
			path = Classes;
			sourceTree = "<group>";
		};
/* End PBXGroup section */

/* Begin PBXHeadersBuildPhase section */
		DE1A8A28160E64B90046B8FD /* Headers */ = {
			isa = PBXHeadersBuildPhase;
			buildActionMask = 2147483647;
			files = (
				DE1A8A29160E64C40046B8FD /* MUOAuth2Client.h in Headers */,
				DE390226160FA4F400B5271D /* NSString+Query.h in Headers */,
			);
			runOnlyForDeploymentPostprocessing = 0;
		};
/* End PBXHeadersBuildPhase section */

/* Begin PBXNativeTarget section */
		DE3019A2160B77FE0099C255 /* MeetupOAuth2Demo */ = {
			isa = PBXNativeTarget;
			buildConfigurationList = DE3019C1160B77FE0099C255 /* Build configuration list for PBXNativeTarget "MeetupOAuth2Demo" */;
			buildPhases = (
				DE30199F160B77FE0099C255 /* Sources */,
				DE3019A0160B77FE0099C255 /* Frameworks */,
				DE3019A1160B77FE0099C255 /* Resources */,
			);
			buildRules = (
			);
			dependencies = (
			);
			name = MeetupOAuth2Demo;
			productName = MeetupOAuth2Client;
			productReference = DE3019A3160B77FE0099C255 /* MeetupOAuth2Demo.app */;
			productType = "com.apple.product-type.application";
		};
		DE3019E7160BD5AE0099C255 /* MUOAuth2Client */ = {
			isa = PBXNativeTarget;
			buildConfigurationList = DE301A0B160BD5AF0099C255 /* Build configuration list for PBXNativeTarget "MUOAuth2Client" */;
			buildPhases = (
				DE3019E4160BD5AE0099C255 /* Sources */,
				DE3019E5160BD5AE0099C255 /* Frameworks */,
				DE3019E6160BD5AE0099C255 /* CopyFiles */,
				DE1A8A28160E64B90046B8FD /* Headers */,
				DE1A8A26160E648B0046B8FD /* Show TODOs */,
			);
			buildRules = (
			);
			dependencies = (
			);
			name = MUOAuth2Client;
			productName = MUOAuth2Client;
			productReference = DE3019E8160BD5AE0099C255 /* libMUOAuth2Client.a */;
			productType = "com.apple.product-type.library.static";
		};
/* End PBXNativeTarget section */

/* Begin PBXProject section */
		DE30199A160B77FE0099C255 /* Project object */ = {
			isa = PBXProject;
			attributes = {
				CLASSPREFIX = MU;
				LastUpgradeCheck = 0460;
				ORGANIZATIONNAME = "Wesley Smith";
			};
			buildConfigurationList = DE30199D160B77FE0099C255 /* Build configuration list for PBXProject "MeetupOAuth2Demo" */;
			compatibilityVersion = "Xcode 3.2";
			developmentRegion = English;
			hasScannedForEncodings = 0;
			knownRegions = (
				en,
			);
			mainGroup = DE301998160B77FE0099C255;
			productRefGroup = DE3019A4160B77FE0099C255 /* Products */;
			projectDirPath = "";
			projectRoot = "";
			targets = (
				DE3019A2160B77FE0099C255 /* MeetupOAuth2Demo */,
				DE3019E7160BD5AE0099C255 /* MUOAuth2Client */,
			);
		};
/* End PBXProject section */

/* Begin PBXResourcesBuildPhase section */
		DE3019A1160B77FE0099C255 /* Resources */ = {
			isa = PBXResourcesBuildPhase;
			buildActionMask = 2147483647;
			files = (
				DE3019B2160B77FE0099C255 /* InfoPlist.strings in Resources */,
				DE3019BB160B77FE0099C255 /* MainStoryboard.storyboard in Resources */,
				DEB7AE52160FE493009961A3 /* Default-568h@2x.png in Resources */,
				DEB7AE53160FE493009961A3 /* Default.png in Resources */,
				DEB7AE54160FE493009961A3 /* Default@2x.png in Resources */,
				DEB7AE55160FE493009961A3 /* MeetupProfileImagePlaceholder.png in Resources */,
			);
			runOnlyForDeploymentPostprocessing = 0;
		};
/* End PBXResourcesBuildPhase section */

/* Begin PBXShellScriptBuildPhase section */
		DE1A8A26160E648B0046B8FD /* Show TODOs */ = {
			isa = PBXShellScriptBuildPhase;
			buildActionMask = 2147483647;
			files = (
			);
			inputPaths = (
			);
			name = "Show TODOs";
			outputPaths = (
			);
			runOnlyForDeploymentPostprocessing = 0;
			shellPath = /bin/sh;
			shellScript = "KEYWORDS=\"TODO:|FIXME:|\\?\\?\\?:|\\!\\!\\!:\"\nfind \"${SRCROOT}\" \\( -name \"*.h\" -or -name \"*.m\" \\) -print0 | xargs -0 egrep --with-filename --line-number --only-matching \"($KEYWORDS).*\\$\" | perl -p -e \"s/($KEYWORDS)/ warning: \\$1/\"";
		};
/* End PBXShellScriptBuildPhase section */

/* Begin PBXSourcesBuildPhase section */
		DE30199F160B77FE0099C255 /* Sources */ = {
			isa = PBXSourcesBuildPhase;
			buildActionMask = 2147483647;
			files = (
				DE3019B4160B77FE0099C255 /* main.m in Sources */,
				DE3019B8160B77FE0099C255 /* MUAppDelegate.m in Sources */,
				DE3019BE160B77FE0099C255 /* MUViewController.m in Sources */,
				DE3019CD160B78250099C255 /* MUOAuth2Client.m in Sources */,
				DE3019CE160B78250099C255 /* MUOAuth2LoginView.m in Sources */,
				DE3019D0160B78250099C255 /* NSString+Query.m in Sources */,
				DE6ED402160C0D17009DB9EA /* MUProfileViewController.m in Sources */,
			);
			runOnlyForDeploymentPostprocessing = 0;
		};
		DE3019E4160BD5AE0099C255 /* Sources */ = {
			isa = PBXSourcesBuildPhase;
			buildActionMask = 2147483647;
			files = (
				DE301A20160BF27E0099C255 /* MUOAuth2Client.m in Sources */,
				DE301A21160BF27E0099C255 /* MUOAuth2LoginView.m in Sources */,
				DE301A23160BF27E0099C255 /* NSString+Query.m in Sources */,
			);
			runOnlyForDeploymentPostprocessing = 0;
		};
/* End PBXSourcesBuildPhase section */

/* Begin PBXVariantGroup section */
		DE3019B0160B77FE0099C255 /* InfoPlist.strings */ = {
			isa = PBXVariantGroup;
			children = (
				DE3019B1160B77FE0099C255 /* en */,
			);
			name = InfoPlist.strings;
			sourceTree = "<group>";
		};
		DE3019B9160B77FE0099C255 /* MainStoryboard.storyboard */ = {
			isa = PBXVariantGroup;
			children = (
				DE3019BA160B77FE0099C255 /* en */,
			);
			name = MainStoryboard.storyboard;
			sourceTree = "<group>";
		};
/* End PBXVariantGroup section */

/* Begin XCBuildConfiguration section */
		DE3019BF160B77FE0099C255 /* Debug */ = {
			isa = XCBuildConfiguration;
			buildSettings = {
				ALWAYS_SEARCH_USER_PATHS = NO;
				ARCHS = "$(ARCHS_STANDARD_32_BIT)";
				CLANG_CXX_LANGUAGE_STANDARD = "gnu++0x";
				CLANG_ENABLE_OBJC_ARC = YES;
				CLANG_WARN_CONSTANT_CONVERSION = YES;
				CLANG_WARN_ENUM_CONVERSION = YES;
				CLANG_WARN_INT_CONVERSION = YES;
				CLANG_WARN__DUPLICATE_METHOD_MATCH = YES;
				"CODE_SIGN_IDENTITY[sdk=iphoneos*]" = "iPhone Developer";
				COPY_PHASE_STRIP = NO;
				GCC_C_LANGUAGE_STANDARD = gnu99;
				GCC_DYNAMIC_NO_PIC = NO;
				GCC_OPTIMIZATION_LEVEL = 0;
				GCC_PREPROCESSOR_DEFINITIONS = (
					"DEBUG=1",
					"$(inherited)",
				);
				GCC_SYMBOLS_PRIVATE_EXTERN = NO;
				GCC_VERSION = com.apple.compilers.llvm.clang.1_0;
				GCC_WARN_ABOUT_RETURN_TYPE = YES;
				GCC_WARN_UNINITIALIZED_AUTOS = YES;
				GCC_WARN_UNUSED_VARIABLE = YES;
				IPHONEOS_DEPLOYMENT_TARGET = 5.1;
				SDKROOT = iphoneos;
			};
			name = Debug;
		};
		DE3019C0160B77FE0099C255 /* Release */ = {
			isa = XCBuildConfiguration;
			buildSettings = {
				ALWAYS_SEARCH_USER_PATHS = NO;
				ARCHS = "$(ARCHS_STANDARD_32_BIT)";
				CLANG_CXX_LANGUAGE_STANDARD = "gnu++0x";
				CLANG_ENABLE_OBJC_ARC = YES;
				CLANG_WARN_CONSTANT_CONVERSION = YES;
				CLANG_WARN_ENUM_CONVERSION = YES;
				CLANG_WARN_INT_CONVERSION = YES;
				CLANG_WARN__DUPLICATE_METHOD_MATCH = YES;
				"CODE_SIGN_IDENTITY[sdk=iphoneos*]" = "iPhone Developer";
				COPY_PHASE_STRIP = YES;
				GCC_C_LANGUAGE_STANDARD = gnu99;
				GCC_VERSION = com.apple.compilers.llvm.clang.1_0;
				GCC_WARN_ABOUT_RETURN_TYPE = YES;
				GCC_WARN_UNINITIALIZED_AUTOS = YES;
				GCC_WARN_UNUSED_VARIABLE = YES;
				IPHONEOS_DEPLOYMENT_TARGET = 5.1;
				OTHER_CFLAGS = "-DNS_BLOCK_ASSERTIONS=1";
				SDKROOT = iphoneos;
				VALIDATE_PRODUCT = YES;
			};
			name = Release;
		};
		DE3019C2160B77FE0099C255 /* Debug */ = {
			isa = XCBuildConfiguration;
			buildSettings = {
				GCC_PRECOMPILE_PREFIX_HEADER = YES;
				GCC_PREFIX_HEADER = "MeetupOAuth2Demo/MeetupOAuth2Demo-Prefix.pch";
				INFOPLIST_FILE = "MeetupOAuth2Demo/MeetupOAuth2Demo-Info.plist";
				PRODUCT_NAME = MeetupOAuth2Demo;
				WRAPPER_EXTENSION = app;
			};
			name = Debug;
		};
		DE3019C3160B77FE0099C255 /* Release */ = {
			isa = XCBuildConfiguration;
			buildSettings = {
				GCC_PRECOMPILE_PREFIX_HEADER = YES;
				GCC_PREFIX_HEADER = "MeetupOAuth2Demo/MeetupOAuth2Demo-Prefix.pch";
				INFOPLIST_FILE = "MeetupOAuth2Demo/MeetupOAuth2Demo-Info.plist";
				PRODUCT_NAME = MeetupOAuth2Demo;
				WRAPPER_EXTENSION = app;
			};
			name = Release;
		};
		DE301A07160BD5AF0099C255 /* Debug */ = {
			isa = XCBuildConfiguration;
			buildSettings = {
				CODE_SIGN_IDENTITY = "iPhone Developer";
				DSTROOT = /tmp/MUOAuth2Client.dst;
				GCC_PRECOMPILE_PREFIX_HEADER = YES;
				GCC_PREFIX_HEADER = "MUOAuth2Client/MUOAuth2Client-Prefix.pch";
				OTHER_LDFLAGS = (
					"-ObjC",
					"-all_load",
				);
				PRODUCT_NAME = "$(TARGET_NAME)";
				PROVISIONING_PROFILE = "";
				SKIP_INSTALL = YES;
			};
			name = Debug;
		};
		DE301A08160BD5AF0099C255 /* Release */ = {
			isa = XCBuildConfiguration;
			buildSettings = {
				CODE_SIGN_IDENTITY = "iPhone Distribution";
				DSTROOT = /tmp/MUOAuth2Client.dst;
				GCC_PRECOMPILE_PREFIX_HEADER = YES;
				GCC_PREFIX_HEADER = "MUOAuth2Client/MUOAuth2Client-Prefix.pch";
				OTHER_LDFLAGS = (
					"-ObjC",
					"-all_load",
				);
				PRODUCT_NAME = "$(TARGET_NAME)";
				PROVISIONING_PROFILE = "";
				SKIP_INSTALL = YES;
			};
			name = Release;
		};
/* End XCBuildConfiguration section */

/* Begin XCConfigurationList section */
		DE30199D160B77FE0099C255 /* Build configuration list for PBXProject "MeetupOAuth2Demo" */ = {
			isa = XCConfigurationList;
			buildConfigurations = (
				DE3019BF160B77FE0099C255 /* Debug */,
				DE3019C0160B77FE0099C255 /* Release */,
			);
			defaultConfigurationIsVisible = 0;
			defaultConfigurationName = Release;
		};
		DE3019C1160B77FE0099C255 /* Build configuration list for PBXNativeTarget "MeetupOAuth2Demo" */ = {
			isa = XCConfigurationList;
			buildConfigurations = (
				DE3019C2160B77FE0099C255 /* Debug */,
				DE3019C3160B77FE0099C255 /* Release */,
			);
			defaultConfigurationIsVisible = 0;
			defaultConfigurationName = Release;
		};
		DE301A0B160BD5AF0099C255 /* Build configuration list for PBXNativeTarget "MUOAuth2Client" */ = {
			isa = XCConfigurationList;
			buildConfigurations = (
				DE301A07160BD5AF0099C255 /* Debug */,
				DE301A08160BD5AF0099C255 /* Release */,
			);
			defaultConfigurationIsVisible = 0;
			defaultConfigurationName = Release;
		};
/* End XCConfigurationList section */
	};
	rootObject = DE30199A160B77FE0099C255 /* Project object */;
}
